
Microsoft Visual Studio Solution File, Format Version 12.00
# Visual Studio Version 17
VisualStudioVersion = 17.11.35208.52
MinimumVisualStudioVersion = 10.0.40219.1
Project("{FAE04EC0-301F-11D3-BF4B-00C04F79EFBC}") = "MyFinances", "MyFinances.csproj", "{C4511FA1-7266-475D-9B44-D8B2B8D763BE}"
EndProject
Global
	GlobalSection(SolutionConfigurationPlatforms) = preSolution
		Debug|Any CPU = Debug|Any CPU
		Release|Any CPU = Release|Any CPU
	EndGlobalSection
	GlobalSection(ProjectConfigurationPlatforms) = postSolution
		{C4511FA1-7266-475D-9B44-D8B2B8D763BE}.Debug|Any CPU.ActiveCfg = Debug|Any CPU
		{C4511FA1-7266-475D-9B44-D8B2B8D763BE}.Debug|Any CPU.Build.0 = Debug|Any CPU
		{C4511FA1-7266-475D-9B44-D8B2B8D763BE}.Release|Any CPU.ActiveCfg = Release|Any CPU
		{C4511FA1-7266-475D-9B44-D8B2B8D763BE}.Release|Any CPU.Build.0 = Release|Any CPU
	EndGlobalSection
	GlobalSection(SolutionProperties) = preSolution
		HideSolutionNode = FALSE
	EndGlobalSection
	GlobalSection(ExtensibilityGlobals) = postSolution
		SolutionGuid = {E3E9BA20-85EB-43FF-853C-DC1934EAB400}
	EndGlobalSection
EndGlobal
